# This file was autogenerated by Stack.
# You should not edit this file by hand.
# For more information, please see the documentation at:
#   https://docs.haskellstack.org/en/stable/lock_files

packages:
- completed:
    hackage: plugins-1.6.2@sha256:66a21387ae65180b69d3554c5a6e75180bf5d9e60a77e3cad7f259d35678f4e5,2633
    pantry-tree:
      size: 1526
      sha256: 1477806e304b360500f2360aae259fb763c27da1e6d7b661690f4f6978615577
  original:
    hackage: plugins-1.6.2@sha256:66a21387ae65180b69d3554c5a6e75180bf5d9e60a77e3cad7f259d35678f4e5,2633
- completed:
    hackage: conf-0.1.1.0@sha256:b244120277e2afa5861ff5146db1f918a84e046bef28c685e585243f48b3710f,2243
    pantry-tree:
      size: 488
      sha256: e76153d152e5e125860bc20e2d1ab5d224267be1225d5b790c8a7b15b92e6486
  original:
    hackage: conf-0.1.1.0@sha256:b244120277e2afa5861ff5146db1f918a84e046bef28c685e585243f48b3710f,2243
- completed:
    hackage: jsaddle-0.9.8.0@sha256:d7acf2247cc93c2d8d0959eccf627077c4175c81b762c8d107c7006dda662d05,4418
    pantry-tree:
      size: 4329
      sha256: 45c8931120722d76150dc14b4092eeef73002a4c3bab6ac1b5b40650dd4b9b0f
  original:
    hackage: jsaddle-0.9.8.0@sha256:d7acf2247cc93c2d8d0959eccf627077c4175c81b762c8d107c7006dda662d05,4418
- completed:
    hackage: hs-duktape-1.0.0@sha256:cf0ff26f96ef5a79d9e8230d5e6eef296dd1bee306151a2e4f133a05e2ab469b,1866
    pantry-tree:
      size: 747
      sha256: 7139ff5aea172a26d5724769a9ae75fb3738dbc9038ec4d6a89fa5f79b6e9872
  original:
    hackage: hs-duktape-1.0.0@sha256:cf0ff26f96ef5a79d9e8230d5e6eef296dd1bee306151a2e4f133a05e2ab469b,1866
snapshots:
- completed:
    size: 585817
    url: https://raw.githubusercontent.com/commercialhaskell/stackage-snapshots/master/lts/18/5.yaml
    sha256: 22d24d0dacad9c1450b9a174c28d203f9bb482a2a8da9710a2f2a9f4afee2887
  original:
    url: https://raw.githubusercontent.com/commercialhaskell/stackage-snapshots/master/lts/18/5.yaml
